
Microsoft Visual Studio Solution File, Format Version 12.00
# Visual Studio 2012
Project("{FAE04EC0-301F-11D3-BF4B-00C04F79EFBC}") = "ReversiKit", "ReversiKit\ReversiKit.csproj", "{79588B8F-006C-4FAF-AFD6-C7A26100BBAE}"
EndProject
Project("{FAE04EC0-301F-11D3-BF4B-00C04F79EFBC}") = "ReversiKitTest", "ReversiKitTest\ReversiKitTest.csproj", "{311203A4-C1A7-4129-9C89-81270A38AA0E}"
EndProject
Global
	GlobalSection(SolutionConfigurationPlatforms) = preSolution
		Debug|Any CPU = Debug|Any CPU
		Release|Any CPU = Release|Any CPU
	EndGlobalSection
	GlobalSection(ProjectConfigurationPlatforms) = postSolution
		{311203A4-C1A7-4129-9C89-81270A38AA0E}.Debug|Any CPU.ActiveCfg = Debug|Any CPU
		{311203A4-C1A7-4129-9C89-81270A38AA0E}.Debug|Any CPU.Build.0 = Debug|Any CPU
		{311203A4-C1A7-4129-9C89-81270A38AA0E}.Release|Any CPU.ActiveCfg = Release|Any CPU
		{311203A4-C1A7-4129-9C89-81270A38AA0E}.Release|Any CPU.Build.0 = Release|Any CPU
		{79588B8F-006C-4FAF-AFD6-C7A26100BBAE}.Debug|Any CPU.ActiveCfg = Debug|Any CPU
		{79588B8F-006C-4FAF-AFD6-C7A26100BBAE}.Debug|Any CPU.Build.0 = Debug|Any CPU
		{79588B8F-006C-4FAF-AFD6-C7A26100BBAE}.Release|Any CPU.ActiveCfg = Release|Any CPU
		{79588B8F-006C-4FAF-AFD6-C7A26100BBAE}.Release|Any CPU.Build.0 = Release|Any CPU
	EndGlobalSection
EndGlobal
